
Microsoft Visual Studio Solution File, Format Version 12.00
# Visual Studio Version 17
VisualStudioVersion = 17.13.35825.156 d17.13
MinimumVisualStudioVersion = 10.0.40219.1
Project("{FAE04EC0-301F-11D3-BF4B-00C04F79EFBC}") = "CRUD", "CRUD\CRUD.csproj", "{73076269-C623-4A09-BF6A-79A24AC98DDD}"
EndProject
Project("{FAE04EC0-301F-11D3-BF4B-00C04F79EFBC}") = "Console", "Console\Console.csproj", "{4C57F0A1-A590-4896-8E74-03AA36BCCF9E}"
EndProject
Global
	GlobalSection(SolutionConfigurationPlatforms) = preSolution
		Debug|Any CPU = Debug|Any CPU
		Release|Any CPU = Release|Any CPU
	EndGlobalSection
	GlobalSection(ProjectConfigurationPlatforms) = postSolution
		{73076269-C623-4A09-BF6A-79A24AC98DDD}.Debug|Any CPU.ActiveCfg = Debug|Any CPU
		{73076269-C623-4A09-BF6A-79A24AC98DDD}.Debug|Any CPU.Build.0 = Debug|Any CPU
		{73076269-C623-4A09-BF6A-79A24AC98DDD}.Release|Any CPU.ActiveCfg = Release|Any CPU
		{73076269-C623-4A09-BF6A-79A24AC98DDD}.Release|Any CPU.Build.0 = Release|Any CPU
		{4C57F0A1-A590-4896-8E74-03AA36BCCF9E}.Debug|Any CPU.ActiveCfg = Debug|Any CPU
		{4C57F0A1-A590-4896-8E74-03AA36BCCF9E}.Debug|Any CPU.Build.0 = Debug|Any CPU
		{4C57F0A1-A590-4896-8E74-03AA36BCCF9E}.Release|Any CPU.ActiveCfg = Release|Any CPU
		{4C57F0A1-A590-4896-8E74-03AA36BCCF9E}.Release|Any CPU.Build.0 = Release|Any CPU
	EndGlobalSection
	GlobalSection(SolutionProperties) = preSolution
		HideSolutionNode = FALSE
	EndGlobalSection
	GlobalSection(ExtensibilityGlobals) = postSolution
		SolutionGuid = {1FCFF399-55A2-4844-83EE-E91AEF6845C6}
	EndGlobalSection
EndGlobal
